
Microsoft Visual Studio Solution File, Format Version 11.00
# Visual Studio 2010
Project("{FAE04EC0-301F-11D3-BF4B-00C04F79EFBC}") = "Assembly-CSharp", "Assembly-CSharp.csproj", "{3C153124-16D1-15C6-C9C5-4F9808867372}"
EndProject
Project("{FAE04EC0-301F-11D3-BF4B-00C04F79EFBC}") = "Assembly-CSharp-Editor", "Assembly-CSharp-Editor.csproj", "{42E94688-0F19-3F90-C5B8-8F8232BADA6B}"
EndProject
Global
	GlobalSection(SolutionConfigurationPlatforms) = preSolution
		Debug|Any CPU = Debug|Any CPU
		Release|Any CPU = Release|Any CPU
	EndGlobalSection
	GlobalSection(ProjectConfigurationPlatforms) = postSolution
		{3C153124-16D1-15C6-C9C5-4F9808867372}.Debug|Any CPU.ActiveCfg = Debug|Any CPU
		{3C153124-16D1-15C6-C9C5-4F9808867372}.Debug|Any CPU.Build.0 = Debug|Any CPU
		{3C153124-16D1-15C6-C9C5-4F9808867372}.Release|Any CPU.ActiveCfg = Release|Any CPU
		{3C153124-16D1-15C6-C9C5-4F9808867372}.Release|Any CPU.Build.0 = Release|Any CPU
		{42E94688-0F19-3F90-C5B8-8F8232BADA6B}.Debug|Any CPU.ActiveCfg = Debug|Any CPU
		{42E94688-0F19-3F90-C5B8-8F8232BADA6B}.Debug|Any CPU.Build.0 = Debug|Any CPU
		{42E94688-0F19-3F90-C5B8-8F8232BADA6B}.Release|Any CPU.ActiveCfg = Release|Any CPU
		{42E94688-0F19-3F90-C5B8-8F8232BADA6B}.Release|Any CPU.Build.0 = Release|Any CPU
	EndGlobalSection
	GlobalSection(SolutionProperties) = preSolution
		HideSolutionNode = FALSE
	EndGlobalSection
	GlobalSection(MonoDevelopProperties) = preSolution
		StartupItem = Assembly-CSharp.csproj
	EndGlobalSection
EndGlobal
