
Microsoft Visual Studio Solution File, Format Version 11.00
# Visual Studio 2010
Project("{FAE04EC0-301F-11D3-BF4B-00C04F79EFBC}") = "Assembly-CSharp", "Assembly-CSharp.csproj", "{2068DD35-6467-FDC7-204F-773168F40F36}"
EndProject
Project("{FAE04EC0-301F-11D3-BF4B-00C04F79EFBC}") = "Assembly-CSharp-Editor", "Assembly-CSharp-Editor.csproj", "{C1972D61-C7A3-0991-D51D-76B1AEDDEBC2}"
EndProject
Global
	GlobalSection(SolutionConfigurationPlatforms) = preSolution
		Debug|Any CPU = Debug|Any CPU
		Release|Any CPU = Release|Any CPU
	EndGlobalSection
	GlobalSection(ProjectConfigurationPlatforms) = postSolution
		{2068DD35-6467-FDC7-204F-773168F40F36}.Debug|Any CPU.ActiveCfg = Debug|Any CPU
		{2068DD35-6467-FDC7-204F-773168F40F36}.Debug|Any CPU.Build.0 = Debug|Any CPU
		{2068DD35-6467-FDC7-204F-773168F40F36}.Release|Any CPU.ActiveCfg = Release|Any CPU
		{2068DD35-6467-FDC7-204F-773168F40F36}.Release|Any CPU.Build.0 = Release|Any CPU
		{C1972D61-C7A3-0991-D51D-76B1AEDDEBC2}.Debug|Any CPU.ActiveCfg = Debug|Any CPU
		{C1972D61-C7A3-0991-D51D-76B1AEDDEBC2}.Debug|Any CPU.Build.0 = Debug|Any CPU
		{C1972D61-C7A3-0991-D51D-76B1AEDDEBC2}.Release|Any CPU.ActiveCfg = Release|Any CPU
		{C1972D61-C7A3-0991-D51D-76B1AEDDEBC2}.Release|Any CPU.Build.0 = Release|Any CPU
	EndGlobalSection
	GlobalSection(SolutionProperties) = preSolution
		HideSolutionNode = FALSE
	EndGlobalSection
	GlobalSection(MonoDevelopProperties) = preSolution
		StartupItem = Assembly-CSharp.csproj
	EndGlobalSection
EndGlobal
